
Microsoft Visual Studio Solution File, Format Version 12.00
# Visual Studio Version 17
VisualStudioVersion = 17.1.32319.34
MinimumVisualStudioVersion = 10.0.40219.1
Project("{FAE04EC0-301F-11D3-BF4B-00C04F79EFBC}") = "CleanMusicPlayerApp", "CleanMusicPlayerApp\CleanMusicPlayerApp.csproj", "{0DD8C955-079F-4569-8AA0-36241F22AD3B}"
EndProject
Global
	GlobalSection(SolutionConfigurationPlatforms) = preSolution
		Debug|Any CPU = Debug|Any CPU
		Release|Any CPU = Release|Any CPU
	EndGlobalSection
	GlobalSection(ProjectConfigurationPlatforms) = postSolution
		{0DD8C955-079F-4569-8AA0-36241F22AD3B}.Debug|Any CPU.ActiveCfg = Debug|Any CPU
		{0DD8C955-079F-4569-8AA0-36241F22AD3B}.Debug|Any CPU.Build.0 = Debug|Any CPU
		{0DD8C955-079F-4569-8AA0-36241F22AD3B}.Release|Any CPU.ActiveCfg = Release|Any CPU
		{0DD8C955-079F-4569-8AA0-36241F22AD3B}.Release|Any CPU.Build.0 = Release|Any CPU
	EndGlobalSection
	GlobalSection(SolutionProperties) = preSolution
		HideSolutionNode = FALSE
	EndGlobalSection
	GlobalSection(ExtensibilityGlobals) = postSolution
		SolutionGuid = {2D2C07AA-1A7E-4837-BF3A-AAA075B7ED74}
	EndGlobalSection
EndGlobal
